
Microsoft Visual Studio Solution File, Format Version 12.00
# Visual Studio Version 16
VisualStudioVersion = 16.0.31005.135
MinimumVisualStudioVersion = 10.0.40219.1
Project("{8BC9CEB8-8B4A-11D0-8D11-00A0C91BC942}") = "Prak4", "Prak4\Prak4.vcxproj", "{05033B3F-A650-404C-AF36-EDE9ADA9ACDC}"
EndProject
Global
	GlobalSection(SolutionConfigurationPlatforms) = preSolution
		Debug|x64 = Debug|x64
		Debug|x86 = Debug|x86
		Release|x64 = Release|x64
		Release|x86 = Release|x86
	EndGlobalSection
	GlobalSection(ProjectConfigurationPlatforms) = postSolution
		{05033B3F-A650-404C-AF36-EDE9ADA9ACDC}.Debug|x64.ActiveCfg = Debug|x64
		{05033B3F-A650-404C-AF36-EDE9ADA9ACDC}.Debug|x64.Build.0 = Debug|x64
		{05033B3F-A650-404C-AF36-EDE9ADA9ACDC}.Debug|x86.ActiveCfg = Debug|Win32
		{05033B3F-A650-404C-AF36-EDE9ADA9ACDC}.Debug|x86.Build.0 = Debug|Win32
		{05033B3F-A650-404C-AF36-EDE9ADA9ACDC}.Release|x64.ActiveCfg = Release|x64
		{05033B3F-A650-404C-AF36-EDE9ADA9ACDC}.Release|x64.Build.0 = Release|x64
		{05033B3F-A650-404C-AF36-EDE9ADA9ACDC}.Release|x86.ActiveCfg = Release|Win32
		{05033B3F-A650-404C-AF36-EDE9ADA9ACDC}.Release|x86.Build.0 = Release|Win32
	EndGlobalSection
	GlobalSection(SolutionProperties) = preSolution
		HideSolutionNode = FALSE
	EndGlobalSection
	GlobalSection(ExtensibilityGlobals) = postSolution
		SolutionGuid = {1BC6CE3A-F6ED-4411-AAC5-B902A31C4BC8}
	EndGlobalSection
EndGlobal
